
Microsoft Visual Studio Solution File, Format Version 12.00
Project("{FAE04EC0-301F-11D3-BF4B-00C04F79EFBC}") = "ExcelReader", "ExcelReader.csproj", "{873CE5BB-D90E-4CB2-8D18-A2A299CC1A44}"
EndProject
Global
	GlobalSection(SolutionConfigurationPlatforms) = preSolution
		Debug|Any CPU = Debug|Any CPU
		Release|Any CPU = Release|Any CPU
	EndGlobalSection
	GlobalSection(ProjectConfigurationPlatforms) = postSolution
		{873CE5BB-D90E-4CB2-8D18-A2A299CC1A44}.Debug|Any CPU.ActiveCfg = Debug|Any CPU
		{873CE5BB-D90E-4CB2-8D18-A2A299CC1A44}.Debug|Any CPU.Build.0 = Debug|Any CPU
		{873CE5BB-D90E-4CB2-8D18-A2A299CC1A44}.Release|Any CPU.ActiveCfg = Release|Any CPU
		{873CE5BB-D90E-4CB2-8D18-A2A299CC1A44}.Release|Any CPU.Build.0 = Release|Any CPU
	EndGlobalSection
EndGlobal
